
Microsoft Visual Studio Solution File, Format Version 12.00
# Visual Studio Version 17
VisualStudioVersion = 17.3.32901.215
MinimumVisualStudioVersion = 10.0.40219.1
Project("{9A19103F-16F7-4668-BE54-9A1E7A4F7556}") = "AggregatorLibrary", "AggregatorLibrary\AggregatorLibrary.csproj", "{1D9BD1CA-C68D-46BB-BB0F-06B6A717E546}"
EndProject
Project("{FAE04EC0-301F-11D3-BF4B-00C04F79EFBC}") = "AggregatorLibrary.CentralBank", "AggregatorLibrary.CentralBank\AggregatorLibrary.CentralBank.csproj", "{2BE43D6F-B23A-452E-837F-D0A265F12FB9}"
EndProject
Project("{FAE04EC0-301F-11D3-BF4B-00C04F79EFBC}") = "AggregatorLibrary.LiqPay", "AggregatorLibrary.LiqPay\AggregatorLibrary.LiqPay.csproj", "{889B5A47-B4AF-4CAE-9E68-AFD977D8BA74}"
EndProject
Project("{FAE04EC0-301F-11D3-BF4B-00C04F79EFBC}") = "AggregatorLibrary.LiqPay.AspNetCore", "AggregatorLibrary.LiqPay.AspNetCore\AggregatorLibrary.LiqPay.AspNetCore.csproj", "{7C5FBB9F-CD62-414C-8F64-EEFA7AF76EDA}"
EndProject
Project("{FAE04EC0-301F-11D3-BF4B-00C04F79EFBC}") = "AggregatorLibrary.FreeKassa", "AggregatorLibrary.FreeKassa\AggregatorLibrary.FreeKassa.csproj", "{F240CDFF-CA5D-4F33-B374-99157F407BD9}"
EndProject
Project("{FAE04EC0-301F-11D3-BF4B-00C04F79EFBC}") = "AggregatorLibrary.FreeKassaWallet", "AggregatorLibrary.FreeKassaWallet\AggregatorLibrary.FreeKassaWallet.csproj", "{B1F67A7F-2570-463D-854A-7C0E178078B8}"
EndProject
Project("{FAE04EC0-301F-11D3-BF4B-00C04F79EFBC}") = "AggregatorLibrary.FreeKassa.AspNetCore", "AggregatorLibrary.FreeKassa.AspNetCore\AggregatorLibrary.FreeKassa.AspNetCore.csproj", "{3CE966E8-AB20-4318-8463-5AA5132B659B}"
EndProject
Project("{FAE04EC0-301F-11D3-BF4B-00C04F79EFBC}") = "AggregatorLibrary.Tinkoff", "AggregatorLibrary.Tinkoff\AggregatorLibrary.Tinkoff.csproj", "{C88F5E79-9D68-473D-BF2E-B1F25B3BC488}"
EndProject
Project("{FAE04EC0-301F-11D3-BF4B-00C04F79EFBC}") = "AggregatorLibrary.Tinkoff.AspNetCore", "AggregatorLibrary.Tinkoff.AspNetCore\AggregatorLibrary.Tinkoff.AspNetCore.csproj", "{D7AE6EB1-B2A8-4F3B-8A78-A6BA6D03D519}"
EndProject
Project("{FAE04EC0-301F-11D3-BF4B-00C04F79EFBC}") = "AggregatorLibrary.Qiwi", "AggregatorLibrary.Qiwi\AggregatorLibrary.Qiwi.csproj", "{71B50B14-06D2-4C27-8361-6904DBE04FBB}"
EndProject
Project("{FAE04EC0-301F-11D3-BF4B-00C04F79EFBC}") = "AggregatorLibrary.Qiwi.AspNetCore", "AggregatorLibrary.Qiwi.AspNetCore\AggregatorLibrary.Qiwi.AspNetCore.csproj", "{61F020AE-E9F6-4555-9888-94D2F7C598E1}"
EndProject
Project("{FAE04EC0-301F-11D3-BF4B-00C04F79EFBC}") = "AggregatorLibrary.SberBank", "AggregatorLibrary.SberBank\AggregatorLibrary.SberBank.csproj", "{93BA45B9-2886-4E43-BD57-D6B1423E21BC}"
EndProject
Project("{FAE04EC0-301F-11D3-BF4B-00C04F79EFBC}") = "AggregatorLibrary.SberBank.AspNetCore", "AggregatorLibrary.SberBank.AspNetCore\AggregatorLibrary.SberBank.AspNetCore.csproj", "{1CEB4B91-59AF-487E-A40E-97A179733A5D}"
EndProject
Global
	GlobalSection(SolutionConfigurationPlatforms) = preSolution
		ASP.NET|Any CPU = ASP.NET|Any CPU
		ASP.NET|x64 = ASP.NET|x64
		Debug|Any CPU = Debug|Any CPU
		Debug|x64 = Debug|x64
		DebugStable|Any CPU = DebugStable|Any CPU
		DebugStable|x64 = DebugStable|x64
		Release|Any CPU = Release|Any CPU
		Release|x64 = Release|x64
	EndGlobalSection
	GlobalSection(ProjectConfigurationPlatforms) = postSolution
		{1D9BD1CA-C68D-46BB-BB0F-06B6A717E546}.ASP.NET|Any CPU.ActiveCfg = ASP.NET|Any CPU
		{1D9BD1CA-C68D-46BB-BB0F-06B6A717E546}.ASP.NET|Any CPU.Build.0 = ASP.NET|Any CPU
		{1D9BD1CA-C68D-46BB-BB0F-06B6A717E546}.ASP.NET|x64.ActiveCfg = ASP.NET|x64
		{1D9BD1CA-C68D-46BB-BB0F-06B6A717E546}.ASP.NET|x64.Build.0 = ASP.NET|x64
		{1D9BD1CA-C68D-46BB-BB0F-06B6A717E546}.Debug|Any CPU.ActiveCfg = Debug|Any CPU
		{1D9BD1CA-C68D-46BB-BB0F-06B6A717E546}.Debug|Any CPU.Build.0 = Debug|Any CPU
		{1D9BD1CA-C68D-46BB-BB0F-06B6A717E546}.Debug|x64.ActiveCfg = Debug|x64
		{1D9BD1CA-C68D-46BB-BB0F-06B6A717E546}.Debug|x64.Build.0 = Debug|x64
		{1D9BD1CA-C68D-46BB-BB0F-06B6A717E546}.DebugStable|Any CPU.ActiveCfg = DebugStable|Any CPU
		{1D9BD1CA-C68D-46BB-BB0F-06B6A717E546}.DebugStable|Any CPU.Build.0 = DebugStable|Any CPU
		{1D9BD1CA-C68D-46BB-BB0F-06B6A717E546}.DebugStable|x64.ActiveCfg = DebugStable|x64
		{1D9BD1CA-C68D-46BB-BB0F-06B6A717E546}.DebugStable|x64.Build.0 = DebugStable|x64
		{1D9BD1CA-C68D-46BB-BB0F-06B6A717E546}.Release|Any CPU.ActiveCfg = Release|Any CPU
		{1D9BD1CA-C68D-46BB-BB0F-06B6A717E546}.Release|Any CPU.Build.0 = Release|Any CPU
		{1D9BD1CA-C68D-46BB-BB0F-06B6A717E546}.Release|x64.ActiveCfg = Release|x64
		{1D9BD1CA-C68D-46BB-BB0F-06B6A717E546}.Release|x64.Build.0 = Release|x64
		{2BE43D6F-B23A-452E-837F-D0A265F12FB9}.ASP.NET|Any CPU.ActiveCfg = Debug|Any CPU
		{2BE43D6F-B23A-452E-837F-D0A265F12FB9}.ASP.NET|Any CPU.Build.0 = Debug|Any CPU
		{2BE43D6F-B23A-452E-837F-D0A265F12FB9}.ASP.NET|x64.ActiveCfg = Debug|Any CPU
		{2BE43D6F-B23A-452E-837F-D0A265F12FB9}.ASP.NET|x64.Build.0 = Debug|Any CPU
		{2BE43D6F-B23A-452E-837F-D0A265F12FB9}.Debug|Any CPU.ActiveCfg = Debug|Any CPU
		{2BE43D6F-B23A-452E-837F-D0A265F12FB9}.Debug|Any CPU.Build.0 = Debug|Any CPU
		{2BE43D6F-B23A-452E-837F-D0A265F12FB9}.Debug|x64.ActiveCfg = Debug|Any CPU
		{2BE43D6F-B23A-452E-837F-D0A265F12FB9}.Debug|x64.Build.0 = Debug|Any CPU
		{2BE43D6F-B23A-452E-837F-D0A265F12FB9}.DebugStable|Any CPU.ActiveCfg = Debug|Any CPU
		{2BE43D6F-B23A-452E-837F-D0A265F12FB9}.DebugStable|Any CPU.Build.0 = Debug|Any CPU
		{2BE43D6F-B23A-452E-837F-D0A265F12FB9}.DebugStable|x64.ActiveCfg = Debug|Any CPU
		{2BE43D6F-B23A-452E-837F-D0A265F12FB9}.DebugStable|x64.Build.0 = Debug|Any CPU
		{2BE43D6F-B23A-452E-837F-D0A265F12FB9}.Release|Any CPU.ActiveCfg = Release|Any CPU
		{2BE43D6F-B23A-452E-837F-D0A265F12FB9}.Release|Any CPU.Build.0 = Release|Any CPU
		{2BE43D6F-B23A-452E-837F-D0A265F12FB9}.Release|x64.ActiveCfg = Release|Any CPU
		{2BE43D6F-B23A-452E-837F-D0A265F12FB9}.Release|x64.Build.0 = Release|Any CPU
		{889B5A47-B4AF-4CAE-9E68-AFD977D8BA74}.ASP.NET|Any CPU.ActiveCfg = Debug|Any CPU
		{889B5A47-B4AF-4CAE-9E68-AFD977D8BA74}.ASP.NET|Any CPU.Build.0 = Debug|Any CPU
		{889B5A47-B4AF-4CAE-9E68-AFD977D8BA74}.ASP.NET|x64.ActiveCfg = Debug|Any CPU
		{889B5A47-B4AF-4CAE-9E68-AFD977D8BA74}.ASP.NET|x64.Build.0 = Debug|Any CPU
		{889B5A47-B4AF-4CAE-9E68-AFD977D8BA74}.Debug|Any CPU.ActiveCfg = Debug|Any CPU
		{889B5A47-B4AF-4CAE-9E68-AFD977D8BA74}.Debug|Any CPU.Build.0 = Debug|Any CPU
		{889B5A47-B4AF-4CAE-9E68-AFD977D8BA74}.Debug|x64.ActiveCfg = Debug|Any CPU
		{889B5A47-B4AF-4CAE-9E68-AFD977D8BA74}.Debug|x64.Build.0 = Debug|Any CPU
		{889B5A47-B4AF-4CAE-9E68-AFD977D8BA74}.DebugStable|Any CPU.ActiveCfg = Debug|Any CPU
		{889B5A47-B4AF-4CAE-9E68-AFD977D8BA74}.DebugStable|Any CPU.Build.0 = Debug|Any CPU
		{889B5A47-B4AF-4CAE-9E68-AFD977D8BA74}.DebugStable|x64.ActiveCfg = Debug|Any CPU
		{889B5A47-B4AF-4CAE-9E68-AFD977D8BA74}.DebugStable|x64.Build.0 = Debug|Any CPU
		{889B5A47-B4AF-4CAE-9E68-AFD977D8BA74}.Release|Any CPU.ActiveCfg = Release|Any CPU
		{889B5A47-B4AF-4CAE-9E68-AFD977D8BA74}.Release|Any CPU.Build.0 = Release|Any CPU
		{889B5A47-B4AF-4CAE-9E68-AFD977D8BA74}.Release|x64.ActiveCfg = Release|Any CPU
		{889B5A47-B4AF-4CAE-9E68-AFD977D8BA74}.Release|x64.Build.0 = Release|Any CPU
		{7C5FBB9F-CD62-414C-8F64-EEFA7AF76EDA}.ASP.NET|Any CPU.ActiveCfg = Debug|Any CPU
		{7C5FBB9F-CD62-414C-8F64-EEFA7AF76EDA}.ASP.NET|Any CPU.Build.0 = Debug|Any CPU
		{7C5FBB9F-CD62-414C-8F64-EEFA7AF76EDA}.ASP.NET|x64.ActiveCfg = Debug|Any CPU
		{7C5FBB9F-CD62-414C-8F64-EEFA7AF76EDA}.ASP.NET|x64.Build.0 = Debug|Any CPU
		{7C5FBB9F-CD62-414C-8F64-EEFA7AF76EDA}.Debug|Any CPU.ActiveCfg = Debug|Any CPU
		{7C5FBB9F-CD62-414C-8F64-EEFA7AF76EDA}.Debug|Any CPU.Build.0 = Debug|Any CPU
		{7C5FBB9F-CD62-414C-8F64-EEFA7AF76EDA}.Debug|x64.ActiveCfg = Debug|Any CPU
		{7C5FBB9F-CD62-414C-8F64-EEFA7AF76EDA}.Debug|x64.Build.0 = Debug|Any CPU
		{7C5FBB9F-CD62-414C-8F64-EEFA7AF76EDA}.DebugStable|Any CPU.ActiveCfg = Debug|Any CPU
		{7C5FBB9F-CD62-414C-8F64-EEFA7AF76EDA}.DebugStable|Any CPU.Build.0 = Debug|Any CPU
		{7C5FBB9F-CD62-414C-8F64-EEFA7AF76EDA}.DebugStable|x64.ActiveCfg = Debug|Any CPU
		{7C5FBB9F-CD62-414C-8F64-EEFA7AF76EDA}.DebugStable|x64.Build.0 = Debug|Any CPU
		{7C5FBB9F-CD62-414C-8F64-EEFA7AF76EDA}.Release|Any CPU.ActiveCfg = Release|Any CPU
		{7C5FBB9F-CD62-414C-8F64-EEFA7AF76EDA}.Release|Any CPU.Build.0 = Release|Any CPU
		{7C5FBB9F-CD62-414C-8F64-EEFA7AF76EDA}.Release|x64.ActiveCfg = Release|Any CPU
		{7C5FBB9F-CD62-414C-8F64-EEFA7AF76EDA}.Release|x64.Build.0 = Release|Any CPU
		{F240CDFF-CA5D-4F33-B374-99157F407BD9}.ASP.NET|Any CPU.ActiveCfg = Debug|Any CPU
		{F240CDFF-CA5D-4F33-B374-99157F407BD9}.ASP.NET|Any CPU.Build.0 = Debug|Any CPU
		{F240CDFF-CA5D-4F33-B374-99157F407BD9}.ASP.NET|x64.ActiveCfg = Debug|Any CPU
		{F240CDFF-CA5D-4F33-B374-99157F407BD9}.ASP.NET|x64.Build.0 = Debug|Any CPU
		{F240CDFF-CA5D-4F33-B374-99157F407BD9}.Debug|Any CPU.ActiveCfg = Debug|Any CPU
		{F240CDFF-CA5D-4F33-B374-99157F407BD9}.Debug|Any CPU.Build.0 = Debug|Any CPU
		{F240CDFF-CA5D-4F33-B374-99157F407BD9}.Debug|x64.ActiveCfg = Debug|Any CPU
		{F240CDFF-CA5D-4F33-B374-99157F407BD9}.Debug|x64.Build.0 = Debug|Any CPU
		{F240CDFF-CA5D-4F33-B374-99157F407BD9}.DebugStable|Any CPU.ActiveCfg = Debug|Any CPU
		{F240CDFF-CA5D-4F33-B374-99157F407BD9}.DebugStable|Any CPU.Build.0 = Debug|Any CPU
		{F240CDFF-CA5D-4F33-B374-99157F407BD9}.DebugStable|x64.ActiveCfg = Debug|Any CPU
		{F240CDFF-CA5D-4F33-B374-99157F407BD9}.DebugStable|x64.Build.0 = Debug|Any CPU
		{F240CDFF-CA5D-4F33-B374-99157F407BD9}.Release|Any CPU.ActiveCfg = Release|Any CPU
		{F240CDFF-CA5D-4F33-B374-99157F407BD9}.Release|Any CPU.Build.0 = Release|Any CPU
		{F240CDFF-CA5D-4F33-B374-99157F407BD9}.Release|x64.ActiveCfg = Release|Any CPU
		{F240CDFF-CA5D-4F33-B374-99157F407BD9}.Release|x64.Build.0 = Release|Any CPU
		{B1F67A7F-2570-463D-854A-7C0E178078B8}.ASP.NET|Any CPU.ActiveCfg = Debug|Any CPU
		{B1F67A7F-2570-463D-854A-7C0E178078B8}.ASP.NET|Any CPU.Build.0 = Debug|Any CPU
		{B1F67A7F-2570-463D-854A-7C0E178078B8}.ASP.NET|x64.ActiveCfg = Debug|Any CPU
		{B1F67A7F-2570-463D-854A-7C0E178078B8}.ASP.NET|x64.Build.0 = Debug|Any CPU
		{B1F67A7F-2570-463D-854A-7C0E178078B8}.Debug|Any CPU.ActiveCfg = Debug|Any CPU
		{B1F67A7F-2570-463D-854A-7C0E178078B8}.Debug|Any CPU.Build.0 = Debug|Any CPU
		{B1F67A7F-2570-463D-854A-7C0E178078B8}.Debug|x64.ActiveCfg = Debug|Any CPU
		{B1F67A7F-2570-463D-854A-7C0E178078B8}.Debug|x64.Build.0 = Debug|Any CPU
		{B1F67A7F-2570-463D-854A-7C0E178078B8}.DebugStable|Any CPU.ActiveCfg = Debug|Any CPU
		{B1F67A7F-2570-463D-854A-7C0E178078B8}.DebugStable|Any CPU.Build.0 = Debug|Any CPU
		{B1F67A7F-2570-463D-854A-7C0E178078B8}.DebugStable|x64.ActiveCfg = Debug|Any CPU
		{B1F67A7F-2570-463D-854A-7C0E178078B8}.DebugStable|x64.Build.0 = Debug|Any CPU
		{B1F67A7F-2570-463D-854A-7C0E178078B8}.Release|Any CPU.ActiveCfg = Release|Any CPU
		{B1F67A7F-2570-463D-854A-7C0E178078B8}.Release|Any CPU.Build.0 = Release|Any CPU
		{B1F67A7F-2570-463D-854A-7C0E178078B8}.Release|x64.ActiveCfg = Release|Any CPU
		{B1F67A7F-2570-463D-854A-7C0E178078B8}.Release|x64.Build.0 = Release|Any CPU
		{3CE966E8-AB20-4318-8463-5AA5132B659B}.ASP.NET|Any CPU.ActiveCfg = Debug|Any CPU
		{3CE966E8-AB20-4318-8463-5AA5132B659B}.ASP.NET|Any CPU.Build.0 = Debug|Any CPU
		{3CE966E8-AB20-4318-8463-5AA5132B659B}.ASP.NET|x64.ActiveCfg = Debug|Any CPU
		{3CE966E8-AB20-4318-8463-5AA5132B659B}.ASP.NET|x64.Build.0 = Debug|Any CPU
		{3CE966E8-AB20-4318-8463-5AA5132B659B}.Debug|Any CPU.ActiveCfg = Debug|Any CPU
		{3CE966E8-AB20-4318-8463-5AA5132B659B}.Debug|Any CPU.Build.0 = Debug|Any CPU
		{3CE966E8-AB20-4318-8463-5AA5132B659B}.Debug|x64.ActiveCfg = Debug|Any CPU
		{3CE966E8-AB20-4318-8463-5AA5132B659B}.Debug|x64.Build.0 = Debug|Any CPU
		{3CE966E8-AB20-4318-8463-5AA5132B659B}.DebugStable|Any CPU.ActiveCfg = Debug|Any CPU
		{3CE966E8-AB20-4318-8463-5AA5132B659B}.DebugStable|Any CPU.Build.0 = Debug|Any CPU
		{3CE966E8-AB20-4318-8463-5AA5132B659B}.DebugStable|x64.ActiveCfg = Debug|Any CPU
		{3CE966E8-AB20-4318-8463-5AA5132B659B}.DebugStable|x64.Build.0 = Debug|Any CPU
		{3CE966E8-AB20-4318-8463-5AA5132B659B}.Release|Any CPU.ActiveCfg = Release|Any CPU
		{3CE966E8-AB20-4318-8463-5AA5132B659B}.Release|Any CPU.Build.0 = Release|Any CPU
		{3CE966E8-AB20-4318-8463-5AA5132B659B}.Release|x64.ActiveCfg = Release|Any CPU
		{3CE966E8-AB20-4318-8463-5AA5132B659B}.Release|x64.Build.0 = Release|Any CPU
		{C88F5E79-9D68-473D-BF2E-B1F25B3BC488}.ASP.NET|Any CPU.ActiveCfg = Debug|Any CPU
		{C88F5E79-9D68-473D-BF2E-B1F25B3BC488}.ASP.NET|Any CPU.Build.0 = Debug|Any CPU
		{C88F5E79-9D68-473D-BF2E-B1F25B3BC488}.ASP.NET|x64.ActiveCfg = Debug|Any CPU
		{C88F5E79-9D68-473D-BF2E-B1F25B3BC488}.ASP.NET|x64.Build.0 = Debug|Any CPU
		{C88F5E79-9D68-473D-BF2E-B1F25B3BC488}.Debug|Any CPU.ActiveCfg = Debug|Any CPU
		{C88F5E79-9D68-473D-BF2E-B1F25B3BC488}.Debug|Any CPU.Build.0 = Debug|Any CPU
		{C88F5E79-9D68-473D-BF2E-B1F25B3BC488}.Debug|x64.ActiveCfg = Debug|Any CPU
		{C88F5E79-9D68-473D-BF2E-B1F25B3BC488}.Debug|x64.Build.0 = Debug|Any CPU
		{C88F5E79-9D68-473D-BF2E-B1F25B3BC488}.DebugStable|Any CPU.ActiveCfg = Debug|Any CPU
		{C88F5E79-9D68-473D-BF2E-B1F25B3BC488}.DebugStable|Any CPU.Build.0 = Debug|Any CPU
		{C88F5E79-9D68-473D-BF2E-B1F25B3BC488}.DebugStable|x64.ActiveCfg = Debug|Any CPU
		{C88F5E79-9D68-473D-BF2E-B1F25B3BC488}.DebugStable|x64.Build.0 = Debug|Any CPU
		{C88F5E79-9D68-473D-BF2E-B1F25B3BC488}.Release|Any CPU.ActiveCfg = Release|Any CPU
		{C88F5E79-9D68-473D-BF2E-B1F25B3BC488}.Release|Any CPU.Build.0 = Release|Any CPU
		{C88F5E79-9D68-473D-BF2E-B1F25B3BC488}.Release|x64.ActiveCfg = Release|Any CPU
		{C88F5E79-9D68-473D-BF2E-B1F25B3BC488}.Release|x64.Build.0 = Release|Any CPU
		{D7AE6EB1-B2A8-4F3B-8A78-A6BA6D03D519}.ASP.NET|Any CPU.ActiveCfg = Debug|Any CPU
		{D7AE6EB1-B2A8-4F3B-8A78-A6BA6D03D519}.ASP.NET|Any CPU.Build.0 = Debug|Any CPU
		{D7AE6EB1-B2A8-4F3B-8A78-A6BA6D03D519}.ASP.NET|x64.ActiveCfg = Debug|Any CPU
		{D7AE6EB1-B2A8-4F3B-8A78-A6BA6D03D519}.ASP.NET|x64.Build.0 = Debug|Any CPU
		{D7AE6EB1-B2A8-4F3B-8A78-A6BA6D03D519}.Debug|Any CPU.ActiveCfg = Debug|Any CPU
		{D7AE6EB1-B2A8-4F3B-8A78-A6BA6D03D519}.Debug|Any CPU.Build.0 = Debug|Any CPU
		{D7AE6EB1-B2A8-4F3B-8A78-A6BA6D03D519}.Debug|x64.ActiveCfg = Debug|Any CPU
		{D7AE6EB1-B2A8-4F3B-8A78-A6BA6D03D519}.Debug|x64.Build.0 = Debug|Any CPU
		{D7AE6EB1-B2A8-4F3B-8A78-A6BA6D03D519}.DebugStable|Any CPU.ActiveCfg = Debug|Any CPU
		{D7AE6EB1-B2A8-4F3B-8A78-A6BA6D03D519}.DebugStable|Any CPU.Build.0 = Debug|Any CPU
		{D7AE6EB1-B2A8-4F3B-8A78-A6BA6D03D519}.DebugStable|x64.ActiveCfg = Debug|Any CPU
		{D7AE6EB1-B2A8-4F3B-8A78-A6BA6D03D519}.DebugStable|x64.Build.0 = Debug|Any CPU
		{D7AE6EB1-B2A8-4F3B-8A78-A6BA6D03D519}.Release|Any CPU.ActiveCfg = Release|Any CPU
		{D7AE6EB1-B2A8-4F3B-8A78-A6BA6D03D519}.Release|Any CPU.Build.0 = Release|Any CPU
		{D7AE6EB1-B2A8-4F3B-8A78-A6BA6D03D519}.Release|x64.ActiveCfg = Release|Any CPU
		{D7AE6EB1-B2A8-4F3B-8A78-A6BA6D03D519}.Release|x64.Build.0 = Release|Any CPU
		{71B50B14-06D2-4C27-8361-6904DBE04FBB}.ASP.NET|Any CPU.ActiveCfg = Debug|Any CPU
		{71B50B14-06D2-4C27-8361-6904DBE04FBB}.ASP.NET|Any CPU.Build.0 = Debug|Any CPU
		{71B50B14-06D2-4C27-8361-6904DBE04FBB}.ASP.NET|x64.ActiveCfg = Debug|Any CPU
		{71B50B14-06D2-4C27-8361-6904DBE04FBB}.ASP.NET|x64.Build.0 = Debug|Any CPU
		{71B50B14-06D2-4C27-8361-6904DBE04FBB}.Debug|Any CPU.ActiveCfg = Debug|Any CPU
		{71B50B14-06D2-4C27-8361-6904DBE04FBB}.Debug|Any CPU.Build.0 = Debug|Any CPU
		{71B50B14-06D2-4C27-8361-6904DBE04FBB}.Debug|x64.ActiveCfg = Debug|Any CPU
		{71B50B14-06D2-4C27-8361-6904DBE04FBB}.Debug|x64.Build.0 = Debug|Any CPU
		{71B50B14-06D2-4C27-8361-6904DBE04FBB}.DebugStable|Any CPU.ActiveCfg = Debug|Any CPU
		{71B50B14-06D2-4C27-8361-6904DBE04FBB}.DebugStable|Any CPU.Build.0 = Debug|Any CPU
		{71B50B14-06D2-4C27-8361-6904DBE04FBB}.DebugStable|x64.ActiveCfg = Debug|Any CPU
		{71B50B14-06D2-4C27-8361-6904DBE04FBB}.DebugStable|x64.Build.0 = Debug|Any CPU
		{71B50B14-06D2-4C27-8361-6904DBE04FBB}.Release|Any CPU.ActiveCfg = Release|Any CPU
		{71B50B14-06D2-4C27-8361-6904DBE04FBB}.Release|Any CPU.Build.0 = Release|Any CPU
		{71B50B14-06D2-4C27-8361-6904DBE04FBB}.Release|x64.ActiveCfg = Release|Any CPU
		{71B50B14-06D2-4C27-8361-6904DBE04FBB}.Release|x64.Build.0 = Release|Any CPU
		{61F020AE-E9F6-4555-9888-94D2F7C598E1}.ASP.NET|Any CPU.ActiveCfg = Debug|Any CPU
		{61F020AE-E9F6-4555-9888-94D2F7C598E1}.ASP.NET|Any CPU.Build.0 = Debug|Any CPU
		{61F020AE-E9F6-4555-9888-94D2F7C598E1}.ASP.NET|x64.ActiveCfg = Debug|Any CPU
		{61F020AE-E9F6-4555-9888-94D2F7C598E1}.ASP.NET|x64.Build.0 = Debug|Any CPU
		{61F020AE-E9F6-4555-9888-94D2F7C598E1}.Debug|Any CPU.ActiveCfg = Debug|Any CPU
		{61F020AE-E9F6-4555-9888-94D2F7C598E1}.Debug|Any CPU.Build.0 = Debug|Any CPU
		{61F020AE-E9F6-4555-9888-94D2F7C598E1}.Debug|x64.ActiveCfg = Debug|Any CPU
		{61F020AE-E9F6-4555-9888-94D2F7C598E1}.Debug|x64.Build.0 = Debug|Any CPU
		{61F020AE-E9F6-4555-9888-94D2F7C598E1}.DebugStable|Any CPU.ActiveCfg = Debug|Any CPU
		{61F020AE-E9F6-4555-9888-94D2F7C598E1}.DebugStable|Any CPU.Build.0 = Debug|Any CPU
		{61F020AE-E9F6-4555-9888-94D2F7C598E1}.DebugStable|x64.ActiveCfg = Debug|Any CPU
		{61F020AE-E9F6-4555-9888-94D2F7C598E1}.DebugStable|x64.Build.0 = Debug|Any CPU
		{61F020AE-E9F6-4555-9888-94D2F7C598E1}.Release|Any CPU.ActiveCfg = Release|Any CPU
		{61F020AE-E9F6-4555-9888-94D2F7C598E1}.Release|Any CPU.Build.0 = Release|Any CPU
		{61F020AE-E9F6-4555-9888-94D2F7C598E1}.Release|x64.ActiveCfg = Release|Any CPU
		{61F020AE-E9F6-4555-9888-94D2F7C598E1}.Release|x64.Build.0 = Release|Any CPU
		{93BA45B9-2886-4E43-BD57-D6B1423E21BC}.ASP.NET|Any CPU.ActiveCfg = Debug|Any CPU
		{93BA45B9-2886-4E43-BD57-D6B1423E21BC}.ASP.NET|Any CPU.Build.0 = Debug|Any CPU
		{93BA45B9-2886-4E43-BD57-D6B1423E21BC}.ASP.NET|x64.ActiveCfg = Debug|Any CPU
		{93BA45B9-2886-4E43-BD57-D6B1423E21BC}.ASP.NET|x64.Build.0 = Debug|Any CPU
		{93BA45B9-2886-4E43-BD57-D6B1423E21BC}.Debug|Any CPU.ActiveCfg = Debug|Any CPU
		{93BA45B9-2886-4E43-BD57-D6B1423E21BC}.Debug|Any CPU.Build.0 = Debug|Any CPU
		{93BA45B9-2886-4E43-BD57-D6B1423E21BC}.Debug|x64.ActiveCfg = Debug|Any CPU
		{93BA45B9-2886-4E43-BD57-D6B1423E21BC}.Debug|x64.Build.0 = Debug|Any CPU
		{93BA45B9-2886-4E43-BD57-D6B1423E21BC}.DebugStable|Any CPU.ActiveCfg = Debug|Any CPU
		{93BA45B9-2886-4E43-BD57-D6B1423E21BC}.DebugStable|Any CPU.Build.0 = Debug|Any CPU
		{93BA45B9-2886-4E43-BD57-D6B1423E21BC}.DebugStable|x64.ActiveCfg = Debug|Any CPU
		{93BA45B9-2886-4E43-BD57-D6B1423E21BC}.DebugStable|x64.Build.0 = Debug|Any CPU
		{93BA45B9-2886-4E43-BD57-D6B1423E21BC}.Release|Any CPU.ActiveCfg = Release|Any CPU
		{93BA45B9-2886-4E43-BD57-D6B1423E21BC}.Release|Any CPU.Build.0 = Release|Any CPU
		{93BA45B9-2886-4E43-BD57-D6B1423E21BC}.Release|x64.ActiveCfg = Release|Any CPU
		{93BA45B9-2886-4E43-BD57-D6B1423E21BC}.Release|x64.Build.0 = Release|Any CPU
		{1CEB4B91-59AF-487E-A40E-97A179733A5D}.ASP.NET|Any CPU.ActiveCfg = Debug|Any CPU
		{1CEB4B91-59AF-487E-A40E-97A179733A5D}.ASP.NET|Any CPU.Build.0 = Debug|Any CPU
		{1CEB4B91-59AF-487E-A40E-97A179733A5D}.ASP.NET|x64.ActiveCfg = Debug|Any CPU
		{1CEB4B91-59AF-487E-A40E-97A179733A5D}.ASP.NET|x64.Build.0 = Debug|Any CPU
		{1CEB4B91-59AF-487E-A40E-97A179733A5D}.Debug|Any CPU.ActiveCfg = Debug|Any CPU
		{1CEB4B91-59AF-487E-A40E-97A179733A5D}.Debug|Any CPU.Build.0 = Debug|Any CPU
		{1CEB4B91-59AF-487E-A40E-97A179733A5D}.Debug|x64.ActiveCfg = Debug|Any CPU
		{1CEB4B91-59AF-487E-A40E-97A179733A5D}.Debug|x64.Build.0 = Debug|Any CPU
		{1CEB4B91-59AF-487E-A40E-97A179733A5D}.DebugStable|Any CPU.ActiveCfg = Debug|Any CPU
		{1CEB4B91-59AF-487E-A40E-97A179733A5D}.DebugStable|Any CPU.Build.0 = Debug|Any CPU
		{1CEB4B91-59AF-487E-A40E-97A179733A5D}.DebugStable|x64.ActiveCfg = Debug|Any CPU
		{1CEB4B91-59AF-487E-A40E-97A179733A5D}.DebugStable|x64.Build.0 = Debug|Any CPU
		{1CEB4B91-59AF-487E-A40E-97A179733A5D}.Release|Any CPU.ActiveCfg = Release|Any CPU
		{1CEB4B91-59AF-487E-A40E-97A179733A5D}.Release|Any CPU.Build.0 = Release|Any CPU
		{1CEB4B91-59AF-487E-A40E-97A179733A5D}.Release|x64.ActiveCfg = Release|Any CPU
		{1CEB4B91-59AF-487E-A40E-97A179733A5D}.Release|x64.Build.0 = Release|Any CPU
	EndGlobalSection
	GlobalSection(SolutionProperties) = preSolution
		HideSolutionNode = FALSE
	EndGlobalSection
	GlobalSection(ExtensibilityGlobals) = postSolution
		SolutionGuid = {AF562961-A63A-4E33-B5D0-0382E3576093}
	EndGlobalSection
EndGlobal
